
Microsoft Visual Studio Solution File, Format Version 10.00
# Visual C# Express 2008
Project("{FAE04EC0-301F-11D3-BF4B-00C04F79EFBC}") = "TileEditor", "TileEditor.csproj", "{C5FCCEA6-E2C7-4382-8B9A-E6A1E1F6B332}"
EndProject
Project("{FAE04EC0-301F-11D3-BF4B-00C04F79EFBC}") = "MegaDriveIO", "..\MegaDriveIO\MegaDriveIO.csproj", "{D993560D-E1D5-4B39-B81B-31A0F0004D0C}"
EndProject
Global
	GlobalSection(SolutionConfigurationPlatforms) = preSolution
		Debug|Any CPU = Debug|Any CPU
		Release|Any CPU = Release|Any CPU
	EndGlobalSection
	GlobalSection(ProjectConfigurationPlatforms) = postSolution
		{C5FCCEA6-E2C7-4382-8B9A-E6A1E1F6B332}.Debug|Any CPU.ActiveCfg = Debug|Any CPU
		{C5FCCEA6-E2C7-4382-8B9A-E6A1E1F6B332}.Debug|Any CPU.Build.0 = Debug|Any CPU
		{C5FCCEA6-E2C7-4382-8B9A-E6A1E1F6B332}.Release|Any CPU.ActiveCfg = Release|Any CPU
		{C5FCCEA6-E2C7-4382-8B9A-E6A1E1F6B332}.Release|Any CPU.Build.0 = Release|Any CPU
		{D993560D-E1D5-4B39-B81B-31A0F0004D0C}.Debug|Any CPU.ActiveCfg = Debug|Any CPU
		{D993560D-E1D5-4B39-B81B-31A0F0004D0C}.Debug|Any CPU.Build.0 = Debug|Any CPU
		{D993560D-E1D5-4B39-B81B-31A0F0004D0C}.Release|Any CPU.ActiveCfg = Release|Any CPU
		{D993560D-E1D5-4B39-B81B-31A0F0004D0C}.Release|Any CPU.Build.0 = Release|Any CPU
	EndGlobalSection
	GlobalSection(SolutionProperties) = preSolution
		HideSolutionNode = FALSE
	EndGlobalSection
EndGlobal
